// !$*UTF8*$!
{
	archiveVersion = 1;
	classes = {
	};
	objectVersion = 56;
	objects = {

/* Begin PBXBuildFile section */
		2C4D4CC32D3E870F009FBE06 /* MovieismeApp.swift in Sources */ = {isa = PBXBuildFile; fileRef = 2C4D4CC22D3E870F009FBE06 /* MovieismeApp.swift */; };
		2C4D4CC72D3E8710009FBE06 /* Assets.xcassets in Resources */ = {isa = PBXBuildFile; fileRef = 2C4D4CC62D3E8710009FBE06 /* Assets.xcassets */; };
		2C4D4CCA2D3E8710009FBE06 /* Preview Assets.xcassets in Resources */ = {isa = PBXBuildFile; fileRef = 2C4D4CC92D3E8710009FBE06 /* Preview Assets.xcassets */; };
		2C4D4CD92D3E8BB2009FBE06 /* SignInView.swift in Sources */ = {isa = PBXBuildFile; fileRef = 2C4D4CD82D3E8BB2009FBE06 /* SignInView.swift */; };
		2C4D4CDB2D3E8BDC009FBE06 /* MoviesCenterView.swift in Sources */ = {isa = PBXBuildFile; fileRef = 2C4D4CDA2D3E8BDC009FBE06 /* MoviesCenterView.swift */; };
		2C4D4CDD2D3E8C04009FBE06 /* SplashView.swift in Sources */ = {isa = PBXBuildFile; fileRef = 2C4D4CDC2D3E8C04009FBE06 /* SplashView.swift */; };
		2C4D4CE12D3E8C6E009FBE06 /* MoviesDetailsView.swift in Sources */ = {isa = PBXBuildFile; fileRef = 2C4D4CE02D3E8C6E009FBE06 /* MoviesDetailsView.swift */; };
		2C4D4CE32D3E8C88009FBE06 /* ProfileView.swift in Sources */ = {isa = PBXBuildFile; fileRef = 2C4D4CE22D3E8C88009FBE06 /* ProfileView.swift */; };
		2C4D4CE52D3E8CC4009FBE06 /* Model.swift in Sources */ = {isa = PBXBuildFile; fileRef = 2C4D4CE42D3E8CC4009FBE06 /* Model.swift */; };
		2C4D4CE72D3E8CF3009FBE06 /* SignInViewModel.swift in Sources */ = {isa = PBXBuildFile; fileRef = 2C4D4CE62D3E8CF3009FBE06 /* SignInViewModel.swift */; };
		2C4D4CE92D3E8D17009FBE06 /* MoviesCenterViewModel.swift in Sources */ = {isa = PBXBuildFile; fileRef = 2C4D4CE82D3E8D17009FBE06 /* MoviesCenterViewModel.swift */; };
		2C4D4CEB2D3E8D3C009FBE06 /* MoviesDetailsViewModel.swift in Sources */ = {isa = PBXBuildFile; fileRef = 2C4D4CEA2D3E8D3C009FBE06 /* MoviesDetailsViewModel.swift */; };
		2C4D4CED2D3E8D60009FBE06 /* ProfileViewModel.swift in Sources */ = {isa = PBXBuildFile; fileRef = 2C4D4CEC2D3E8D60009FBE06 /* ProfileViewModel.swift */; };
		2CD0949E2D457F7E008D54C4 /* Kingfisher in Frameworks */ = {isa = PBXBuildFile; productRef = 2CD0949D2D457F7E008D54C4 /* Kingfisher */; };
		2CD094A12D4582CD008D54C4 /* SDWebImage in Frameworks */ = {isa = PBXBuildFile; productRef = 2CD094A02D4582CD008D54C4 /* SDWebImage */; };
		2CD094A32D4582CD008D54C4 /* SDWebImageMapKit in Frameworks */ = {isa = PBXBuildFile; productRef = 2CD094A22D4582CD008D54C4 /* SDWebImageMapKit */; };
		2CD094A52D4666C3008D54C4 /* FetchData.swift in Sources */ = {isa = PBXBuildFile; fileRef = 2CD094A42D4666C3008D54C4 /* FetchData.swift */; };
/* End PBXBuildFile section */

/* Begin PBXFileReference section */
		2C4D4CBF2D3E870F009FBE06 /* Movieisme.app */ = {isa = PBXFileReference; explicitFileType = wrapper.application; includeInIndex = 0; path = Movieisme.app; sourceTree = BUILT_PRODUCTS_DIR; };
		2C4D4CC22D3E870F009FBE06 /* MovieismeApp.swift */ = {isa = PBXFileReference; lastKnownFileType = sourcecode.swift; path = MovieismeApp.swift; sourceTree = "<group>"; };
		2C4D4CC62D3E8710009FBE06 /* Assets.xcassets */ = {isa = PBXFileReference; lastKnownFileType = folder.assetcatalog; path = Assets.xcassets; sourceTree = "<group>"; };
		2C4D4CC92D3E8710009FBE06 /* Preview Assets.xcassets */ = {isa = PBXFileReference; lastKnownFileType = folder.assetcatalog; path = "Preview Assets.xcassets"; sourceTree = "<group>"; };
		2C4D4CD82D3E8BB2009FBE06 /* SignInView.swift */ = {isa = PBXFileReference; lastKnownFileType = sourcecode.swift; path = SignInView.swift; sourceTree = "<group>"; };
		2C4D4CDA2D3E8BDC009FBE06 /* MoviesCenterView.swift */ = {isa = PBXFileReference; lastKnownFileType = sourcecode.swift; path = MoviesCenterView.swift; sourceTree = "<group>"; };
		2C4D4CDC2D3E8C04009FBE06 /* SplashView.swift */ = {isa = PBXFileReference; lastKnownFileType = sourcecode.swift; path = SplashView.swift; sourceTree = "<group>"; };
		2C4D4CE02D3E8C6E009FBE06 /* MoviesDetailsView.swift */ = {isa = PBXFileReference; lastKnownFileType = sourcecode.swift; path = MoviesDetailsView.swift; sourceTree = "<group>"; };
		2C4D4CE22D3E8C88009FBE06 /* ProfileView.swift */ = {isa = PBXFileReference; lastKnownFileType = sourcecode.swift; path = ProfileView.swift; sourceTree = "<group>"; };
		2C4D4CE42D3E8CC4009FBE06 /* Model.swift */ = {isa = PBXFileReference; lastKnownFileType = sourcecode.swift; path = Model.swift; sourceTree = "<group>"; };
		2C4D4CE62D3E8CF3009FBE06 /* SignInViewModel.swift */ = {isa = PBXFileReference; lastKnownFileType = sourcecode.swift; path = SignInViewModel.swift; sourceTree = "<group>"; };
		2C4D4CE82D3E8D17009FBE06 /* MoviesCenterViewModel.swift */ = {isa = PBXFileReference; lastKnownFileType = sourcecode.swift; path = MoviesCenterViewModel.swift; sourceTree = "<group>"; };
		2C4D4CEA2D3E8D3C009FBE06 /* MoviesDetailsViewModel.swift */ = {isa = PBXFileReference; lastKnownFileType = sourcecode.swift; path = MoviesDetailsViewModel.swift; sourceTree = "<group>"; };
		2C4D4CEC2D3E8D60009FBE06 /* ProfileViewModel.swift */ = {isa = PBXFileReference; lastKnownFileType = sourcecode.swift; path = ProfileViewModel.swift; sourceTree = "<group>"; };
		2CD094A42D4666C3008D54C4 /* FetchData.swift */ = {isa = PBXFileReference; lastKnownFileType = sourcecode.swift; path = FetchData.swift; sourceTree = "<group>"; };
/* End PBXFileReference section */

/* Begin PBXFrameworksBuildPhase section */
		2C4D4CBC2D3E870F009FBE06 /* Frameworks */ = {
			isa = PBXFrameworksBuildPhase;
			buildActionMask = 2147483647;
			files = (
				2CD094A12D4582CD008D54C4 /* SDWebImage in Frameworks */,
				2CD094A32D4582CD008D54C4 /* SDWebImageMapKit in Frameworks */,
				2CD0949E2D457F7E008D54C4 /* Kingfisher in Frameworks */,
			);
			runOnlyForDeploymentPostprocessing = 0;
		};
/* End PBXFrameworksBuildPhase section */

/* Begin PBXGroup section */
		2C4D4CB62D3E870F009FBE06 = {
			isa = PBXGroup;
			children = (
				2C4D4CC12D3E870F009FBE06 /* Movieisme */,
				2C4D4CC02D3E870F009FBE06 /* Products */,
			);
			sourceTree = "<group>";
		};
		2C4D4CC02D3E870F009FBE06 /* Products */ = {
			isa = PBXGroup;
			children = (
				2C4D4CBF2D3E870F009FBE06 /* Movieisme.app */,
			);
			name = Products;
			sourceTree = "<group>";
		};
		2C4D4CC12D3E870F009FBE06 /* Movieisme */ = {
			isa = PBXGroup;
			children = (
				2C4D4CD32D3E886A009FBE06 /* View */,
				2C4D4CD42D3E8914009FBE06 /* Model */,
				2C4D4CD52D3E892D009FBE06 /* ViewModel */,
				2C4D4CC82D3E8710009FBE06 /* Preview Content */,
			);
			path = Movieisme;
			sourceTree = "<group>";
		};
		2C4D4CC82D3E8710009FBE06 /* Preview Content */ = {
			isa = PBXGroup;
			children = (
				2C4D4CC62D3E8710009FBE06 /* Assets.xcassets */,
				2C4D4CC92D3E8710009FBE06 /* Preview Assets.xcassets */,
			);
			path = "Preview Content";
			sourceTree = "<group>";
		};
		2C4D4CD32D3E886A009FBE06 /* View */ = {
			isa = PBXGroup;
			children = (
				2C4D4CC22D3E870F009FBE06 /* MovieismeApp.swift */,
				2C4D4CDC2D3E8C04009FBE06 /* SplashView.swift */,
				2C4D4CD82D3E8BB2009FBE06 /* SignInView.swift */,
				2C4D4CDA2D3E8BDC009FBE06 /* MoviesCenterView.swift */,
				2C4D4CE02D3E8C6E009FBE06 /* MoviesDetailsView.swift */,
				2C4D4CE22D3E8C88009FBE06 /* ProfileView.swift */,
			);
			path = View;
			sourceTree = "<group>";
		};
		2C4D4CD42D3E8914009FBE06 /* Model */ = {
			isa = PBXGroup;
			children = (
				2C4D4CE42D3E8CC4009FBE06 /* Model.swift */,
			);
			path = Model;
			sourceTree = "<group>";
		};
		2C4D4CD52D3E892D009FBE06 /* ViewModel */ = {
			isa = PBXGroup;
			children = (
				2CD094A42D4666C3008D54C4 /* FetchData.swift */,
				2C4D4CE62D3E8CF3009FBE06 /* SignInViewModel.swift */,
				2C4D4CE82D3E8D17009FBE06 /* MoviesCenterViewModel.swift */,
				2C4D4CEA2D3E8D3C009FBE06 /* MoviesDetailsViewModel.swift */,
				2C4D4CEC2D3E8D60009FBE06 /* ProfileViewModel.swift */,
			);
			path = ViewModel;
			sourceTree = "<group>";
		};
/* End PBXGroup section */

/* Begin PBXNativeTarget section */
		2C4D4CBE2D3E870F009FBE06 /* Movieisme */ = {
			isa = PBXNativeTarget;
			buildConfigurationList = 2C4D4CCD2D3E8710009FBE06 /* Build configuration list for PBXNativeTarget "Movieisme" */;
			buildPhases = (
				2C4D4CBB2D3E870F009FBE06 /* Sources */,
				2C4D4CBC2D3E870F009FBE06 /* Frameworks */,
				2C4D4CBD2D3E870F009FBE06 /* Resources */,
			);
			buildRules = (
			);
			dependencies = (
			);
			name = Movieisme;
			packageProductDependencies = (
				2CD0949D2D457F7E008D54C4 /* Kingfisher */,
				2CD094A02D4582CD008D54C4 /* SDWebImage */,
				2CD094A22D4582CD008D54C4 /* SDWebImageMapKit */,
			);
			productName = Movieisme;
			productReference = 2C4D4CBF2D3E870F009FBE06 /* Movieisme.app */;
			productType = "com.apple.product-type.application";
		};
/* End PBXNativeTarget section */

/* Begin PBXProject section */
		2C4D4CB72D3E870F009FBE06 /* Project object */ = {
			isa = PBXProject;
			attributes = {
				BuildIndependentTargetsInParallel = 1;
				LastSwiftUpdateCheck = 1540;
				LastUpgradeCheck = 1540;
				TargetAttributes = {
					2C4D4CBE2D3E870F009FBE06 = {
						CreatedOnToolsVersion = 15.4;
					};
				};
			};
			buildConfigurationList = 2C4D4CBA2D3E870F009FBE06 /* Build configuration list for PBXProject "Movieisme" */;
			compatibilityVersion = "Xcode 14.0";
			developmentRegion = en;
			hasScannedForEncodings = 0;
			knownRegions = (
				en,
				Base,
			);
			mainGroup = 2C4D4CB62D3E870F009FBE06;
			packageReferences = (
				2CD0949C2D457F7E008D54C4 /* XCRemoteSwiftPackageReference "Kingfisher" */,
				2CD0949F2D4582CD008D54C4 /* XCRemoteSwiftPackageReference "SDWebImage" */,
			);
			productRefGroup = 2C4D4CC02D3E870F009FBE06 /* Products */;
			projectDirPath = "";
			projectRoot = "";
			targets = (
				2C4D4CBE2D3E870F009FBE06 /* Movieisme */,
			);
		};
/* End PBXProject section */

/* Begin PBXResourcesBuildPhase section */
		2C4D4CBD2D3E870F009FBE06 /* Resources */ = {
			isa = PBXResourcesBuildPhase;
			buildActionMask = 2147483647;
			files = (
				2C4D4CCA2D3E8710009FBE06 /* Preview Assets.xcassets in Resources */,
				2C4D4CC72D3E8710009FBE06 /* Assets.xcassets in Resources */,
			);
			runOnlyForDeploymentPostprocessing = 0;
		};
/* End PBXResourcesBuildPhase section */

/* Begin PBXSourcesBuildPhase section */
		2C4D4CBB2D3E870F009FBE06 /* Sources */ = {
			isa = PBXSourcesBuildPhase;
			buildActionMask = 2147483647;
			files = (
				2C4D4CE52D3E8CC4009FBE06 /* Model.swift in Sources */,
				2C4D4CE12D3E8C6E009FBE06 /* MoviesDetailsView.swift in Sources */,
				2C4D4CDB2D3E8BDC009FBE06 /* MoviesCenterView.swift in Sources */,
				2C4D4CDD2D3E8C04009FBE06 /* SplashView.swift in Sources */,
				2C4D4CEB2D3E8D3C009FBE06 /* MoviesDetailsViewModel.swift in Sources */,
				2C4D4CE72D3E8CF3009FBE06 /* SignInViewModel.swift in Sources */,
				2C4D4CD92D3E8BB2009FBE06 /* SignInView.swift in Sources */,
				2C4D4CED2D3E8D60009FBE06 /* ProfileViewModel.swift in Sources */,
				2C4D4CE92D3E8D17009FBE06 /* MoviesCenterViewModel.swift in Sources */,
				2C4D4CE32D3E8C88009FBE06 /* ProfileView.swift in Sources */,
				2CD094A52D4666C3008D54C4 /* FetchData.swift in Sources */,
				2C4D4CC32D3E870F009FBE06 /* MovieismeApp.swift in Sources */,
			);
			runOnlyForDeploymentPostprocessing = 0;
		};
/* End PBXSourcesBuildPhase section */

/* Begin XCBuildConfiguration section */
		2C4D4CCB2D3E8710009FBE06 /* Debug */ = {
			isa = XCBuildConfiguration;
			buildSettings = {
				ALWAYS_SEARCH_USER_PATHS = NO;
				ASSETCATALOG_COMPILER_GENERATE_SWIFT_ASSET_SYMBOL_EXTENSIONS = YES;
				CLANG_ANALYZER_NONNULL = YES;
				CLANG_ANALYZER_NUMBER_OBJECT_CONVERSION = YES_AGGRESSIVE;
				CLANG_CXX_LANGUAGE_STANDARD = "gnu++20";
				CLANG_ENABLE_MODULES = YES;
				CLANG_ENABLE_OBJC_ARC = YES;
				CLANG_ENABLE_OBJC_WEAK = YES;
				CLANG_WARN_BLOCK_CAPTURE_AUTORELEASING = YES;
				CLANG_WARN_BOOL_CONVERSION = YES;
				CLANG_WARN_COMMA = YES;
				CLANG_WARN_CONSTANT_CONVERSION = YES;
				CLANG_WARN_DEPRECATED_OBJC_IMPLEMENTATIONS = YES;
				CLANG_WARN_DIRECT_OBJC_ISA_USAGE = YES_ERROR;
				CLANG_WARN_DOCUMENTATION_COMMENTS = YES;
				CLANG_WARN_EMPTY_BODY = YES;
				CLANG_WARN_ENUM_CONVERSION = YES;
				CLANG_WARN_INFINITE_RECURSION = YES;
				CLANG_WARN_INT_CONVERSION = YES;
				CLANG_WARN_NON_LITERAL_NULL_CONVERSION = YES;
				CLANG_WARN_OBJC_IMPLICIT_RETAIN_SELF = YES;
				CLANG_WARN_OBJC_LITERAL_CONVERSION = YES;
				CLANG_WARN_OBJC_ROOT_CLASS = YES_ERROR;
				CLANG_WARN_QUOTED_INCLUDE_IN_FRAMEWORK_HEADER = YES;
				CLANG_WARN_RANGE_LOOP_ANALYSIS = YES;
				CLANG_WARN_STRICT_PROTOTYPES = YES;
				CLANG_WARN_SUSPICIOUS_MOVE = YES;
				CLANG_WARN_UNGUARDED_AVAILABILITY = YES_AGGRESSIVE;
				CLANG_WARN_UNREACHABLE_CODE = YES;
				CLANG_WARN__DUPLICATE_METHOD_MATCH = YES;
				COPY_PHASE_STRIP = NO;
				DEBUG_INFORMATION_FORMAT = dwarf;
				ENABLE_STRICT_OBJC_MSGSEND = YES;
				ENABLE_TESTABILITY = YES;
				ENABLE_USER_SCRIPT_SANDBOXING = YES;
				GCC_C_LANGUAGE_STANDARD = gnu17;
				GCC_DYNAMIC_NO_PIC = NO;
				GCC_NO_COMMON_BLOCKS = YES;
				GCC_OPTIMIZATION_LEVEL = 0;
				GCC_PREPROCESSOR_DEFINITIONS = (
					"DEBUG=1",
					"$(inherited)",
				);
				GCC_WARN_64_TO_32_BIT_CONVERSION = YES;
				GCC_WARN_ABOUT_RETURN_TYPE = YES_ERROR;
				GCC_WARN_UNDECLARED_SELECTOR = YES;
				GCC_WARN_UNINITIALIZED_AUTOS = YES_AGGRESSIVE;
				GCC_WARN_UNUSED_FUNCTION = YES;
				GCC_WARN_UNUSED_VARIABLE = YES;
				IPHONEOS_DEPLOYMENT_TARGET = 17.5;
				LOCALIZATION_PREFERS_STRING_CATALOGS = YES;
				MTL_ENABLE_DEBUG_INFO = INCLUDE_SOURCE;
				MTL_FAST_MATH = YES;
				ONLY_ACTIVE_ARCH = YES;
				SDKROOT = iphoneos;
				SWIFT_ACTIVE_COMPILATION_CONDITIONS = "DEBUG $(inherited)";
				SWIFT_OPTIMIZATION_LEVEL = "-Onone";
			};
			name = Debug;
		};
		2C4D4CCC2D3E8710009FBE06 /* Release */ = {
			isa = XCBuildConfiguration;
			buildSettings = {
				ALWAYS_SEARCH_USER_PATHS = NO;
				ASSETCATALOG_COMPILER_GENERATE_SWIFT_ASSET_SYMBOL_EXTENSIONS = YES;
				CLANG_ANALYZER_NONNULL = YES;
				CLANG_ANALYZER_NUMBER_OBJECT_CONVERSION = YES_AGGRESSIVE;
				CLANG_CXX_LANGUAGE_STANDARD = "gnu++20";
				CLANG_ENABLE_MODULES = YES;
				CLANG_ENABLE_OBJC_ARC = YES;
				CLANG_ENABLE_OBJC_WEAK = YES;
				CLANG_WARN_BLOCK_CAPTURE_AUTORELEASING = YES;
				CLANG_WARN_BOOL_CONVERSION = YES;
				CLANG_WARN_COMMA = YES;
				CLANG_WARN_CONSTANT_CONVERSION = YES;
				CLANG_WARN_DEPRECATED_OBJC_IMPLEMENTATIONS = YES;
				CLANG_WARN_DIRECT_OBJC_ISA_USAGE = YES_ERROR;
				CLANG_WARN_DOCUMENTATION_COMMENTS = YES;
				CLANG_WARN_EMPTY_BODY = YES;
				CLANG_WARN_ENUM_CONVERSION = YES;
				CLANG_WARN_INFINITE_RECURSION = YES;
				CLANG_WARN_INT_CONVERSION = YES;
				CLANG_WARN_NON_LITERAL_NULL_CONVERSION = YES;
				CLANG_WARN_OBJC_IMPLICIT_RETAIN_SELF = YES;
				CLANG_WARN_OBJC_LITERAL_CONVERSION = YES;
				CLANG_WARN_OBJC_ROOT_CLASS = YES_ERROR;
				CLANG_WARN_QUOTED_INCLUDE_IN_FRAMEWORK_HEADER = YES;
				CLANG_WARN_RANGE_LOOP_ANALYSIS = YES;
				CLANG_WARN_STRICT_PROTOTYPES = YES;
				CLANG_WARN_SUSPICIOUS_MOVE = YES;
				CLANG_WARN_UNGUARDED_AVAILABILITY = YES_AGGRESSIVE;
				CLANG_WARN_UNREACHABLE_CODE = YES;
				CLANG_WARN__DUPLICATE_METHOD_MATCH = YES;
				COPY_PHASE_STRIP = NO;
				DEBUG_INFORMATION_FORMAT = "dwarf-with-dsym";
				ENABLE_NS_ASSERTIONS = NO;
				ENABLE_STRICT_OBJC_MSGSEND = YES;
				ENABLE_USER_SCRIPT_SANDBOXING = YES;
				GCC_C_LANGUAGE_STANDARD = gnu17;
				GCC_NO_COMMON_BLOCKS = YES;
				GCC_WARN_64_TO_32_BIT_CONVERSION = YES;
				GCC_WARN_ABOUT_RETURN_TYPE = YES_ERROR;
				GCC_WARN_UNDECLARED_SELECTOR = YES;
				GCC_WARN_UNINITIALIZED_AUTOS = YES_AGGRESSIVE;
				GCC_WARN_UNUSED_FUNCTION = YES;
				GCC_WARN_UNUSED_VARIABLE = YES;
				IPHONEOS_DEPLOYMENT_TARGET = 17.5;
				LOCALIZATION_PREFERS_STRING_CATALOGS = YES;
				MTL_ENABLE_DEBUG_INFO = NO;
				MTL_FAST_MATH = YES;
				SDKROOT = iphoneos;
				SWIFT_COMPILATION_MODE = wholemodule;
				VALIDATE_PRODUCT = YES;
			};
			name = Release;
		};
		2C4D4CCE2D3E8710009FBE06 /* Debug */ = {
			isa = XCBuildConfiguration;
			buildSettings = {
				ASSETCATALOG_COMPILER_APPICON_NAME = AppIcon;
				ASSETCATALOG_COMPILER_GLOBAL_ACCENT_COLOR_NAME = AccentColor;
				CODE_SIGN_STYLE = Automatic;
				CURRENT_PROJECT_VERSION = 1;
				DEVELOPMENT_ASSET_PATHS = "\"Movieisme/Preview Content\"";
				ENABLE_PREVIEWS = YES;
				GENERATE_INFOPLIST_FILE = YES;
				INFOPLIST_KEY_UIApplicationSceneManifest_Generation = YES;
				INFOPLIST_KEY_UIApplicationSupportsIndirectInputEvents = YES;
				INFOPLIST_KEY_UILaunchScreen_Generation = YES;
				INFOPLIST_KEY_UISupportedInterfaceOrientations_iPad = "UIInterfaceOrientationPortrait UIInterfaceOrientationPortraitUpsideDown UIInterfaceOrientationLandscapeLeft UIInterfaceOrientationLandscapeRight";
				INFOPLIST_KEY_UISupportedInterfaceOrientations_iPhone = "UIInterfaceOrientationPortrait UIInterfaceOrientationLandscapeLeft UIInterfaceOrientationLandscapeRight";
				LD_RUNPATH_SEARCH_PATHS = (
					"$(inherited)",
					"@executable_path/Frameworks",
				);
				MARKETING_VERSION = 1.0;
				PRODUCT_BUNDLE_IDENTIFIER = w.Movieisme;
				PRODUCT_NAME = "$(TARGET_NAME)";
				SWIFT_EMIT_LOC_STRINGS = YES;
				SWIFT_VERSION = 5.0;
				TARGETED_DEVICE_FAMILY = "1,2";
			};
			name = Debug;
		};
		2C4D4CCF2D3E8710009FBE06 /* Release */ = {
			isa = XCBuildConfiguration;
			buildSettings = {
				ASSETCATALOG_COMPILER_APPICON_NAME = AppIcon;
				ASSETCATALOG_COMPILER_GLOBAL_ACCENT_COLOR_NAME = AccentColor;
				CODE_SIGN_STYLE = Automatic;
				CURRENT_PROJECT_VERSION = 1;
				DEVELOPMENT_ASSET_PATHS = "\"Movieisme/Preview Content\"";
				ENABLE_PREVIEWS = YES;
				GENERATE_INFOPLIST_FILE = YES;
				INFOPLIST_KEY_UIApplicationSceneManifest_Generation = YES;
				INFOPLIST_KEY_UIApplicationSupportsIndirectInputEvents = YES;
				INFOPLIST_KEY_UILaunchScreen_Generation = YES;
				INFOPLIST_KEY_UISupportedInterfaceOrientations_iPad = "UIInterfaceOrientationPortrait UIInterfaceOrientationPortraitUpsideDown UIInterfaceOrientationLandscapeLeft UIInterfaceOrientationLandscapeRight";
				INFOPLIST_KEY_UISupportedInterfaceOrientations_iPhone = "UIInterfaceOrientationPortrait UIInterfaceOrientationLandscapeLeft UIInterfaceOrientationLandscapeRight";
				LD_RUNPATH_SEARCH_PATHS = (
					"$(inherited)",
					"@executable_path/Frameworks",
				);
				MARKETING_VERSION = 1.0;
				PRODUCT_BUNDLE_IDENTIFIER = w.Movieisme;
				PRODUCT_NAME = "$(TARGET_NAME)";
				SWIFT_EMIT_LOC_STRINGS = YES;
				SWIFT_VERSION = 5.0;
				TARGETED_DEVICE_FAMILY = "1,2";
			};
			name = Release;
		};
/* End XCBuildConfiguration section */

/* Begin XCConfigurationList section */
		2C4D4CBA2D3E870F009FBE06 /* Build configuration list for PBXProject "Movieisme" */ = {
			isa = XCConfigurationList;
			buildConfigurations = (
				2C4D4CCB2D3E8710009FBE06 /* Debug */,
				2C4D4CCC2D3E8710009FBE06 /* Release */,
			);
			defaultConfigurationIsVisible = 0;
			defaultConfigurationName = Release;
		};
		2C4D4CCD2D3E8710009FBE06 /* Build configuration list for PBXNativeTarget "Movieisme" */ = {
			isa = XCConfigurationList;
			buildConfigurations = (
				2C4D4CCE2D3E8710009FBE06 /* Debug */,
				2C4D4CCF2D3E8710009FBE06 /* Release */,
			);
			defaultConfigurationIsVisible = 0;
			defaultConfigurationName = Release;
		};
/* End XCConfigurationList section */

/* Begin XCRemoteSwiftPackageReference section */
		2CD0949C2D457F7E008D54C4 /* XCRemoteSwiftPackageReference "Kingfisher" */ = {
			isa = XCRemoteSwiftPackageReference;
			repositoryURL = "https://github.com/onevcat/Kingfisher";
			requirement = {
				kind = upToNextMajorVersion;
				minimumVersion = 8.1.3;
			};
		};
		2CD0949F2D4582CD008D54C4 /* XCRemoteSwiftPackageReference "SDWebImage" */ = {
			isa = XCRemoteSwiftPackageReference;
			repositoryURL = "https://github.com/SDWebImage/SDWebImage.git";
			requirement = {
				kind = upToNextMajorVersion;
				minimumVersion = 5.20.0;
			};
		};
/* End XCRemoteSwiftPackageReference section */

/* Begin XCSwiftPackageProductDependency section */
		2CD0949D2D457F7E008D54C4 /* Kingfisher */ = {
			isa = XCSwiftPackageProductDependency;
			package = 2CD0949C2D457F7E008D54C4 /* XCRemoteSwiftPackageReference "Kingfisher" */;
			productName = Kingfisher;
		};
		2CD094A02D4582CD008D54C4 /* SDWebImage */ = {
			isa = XCSwiftPackageProductDependency;
			package = 2CD0949F2D4582CD008D54C4 /* XCRemoteSwiftPackageReference "SDWebImage" */;
			productName = SDWebImage;
		};
		2CD094A22D4582CD008D54C4 /* SDWebImageMapKit */ = {
			isa = XCSwiftPackageProductDependency;
			package = 2CD0949F2D4582CD008D54C4 /* XCRemoteSwiftPackageReference "SDWebImage" */;
			productName = SDWebImageMapKit;
		};
/* End XCSwiftPackageProductDependency section */
	};
	rootObject = 2C4D4CB72D3E870F009FBE06 /* Project object */;
}
